// !$*UTF8*$!
{
	archiveVersion = 1;
	classes = {
	};
	objectVersion = 50;
	objects = {

/* Begin PBXBuildFile section */
		BFE2526C23ED63D10022A2B9 /* AppDelegate.swift in Sources */ = {isa = PBXBuildFile; fileRef = BFE2526B23ED63D10022A2B9 /* AppDelegate.swift */; };
		BFE2526E23ED63D10022A2B9 /* SceneDelegate.swift in Sources */ = {isa = PBXBuildFile; fileRef = BFE2526D23ED63D10022A2B9 /* SceneDelegate.swift */; };
		BFE2527023ED63D10022A2B9 /* ContentView.swift in Sources */ = {isa = PBXBuildFile; fileRef = BFE2526F23ED63D10022A2B9 /* ContentView.swift */; };
		BFE2527223ED63F40022A2B9 /* Assets.xcassets in Resources */ = {isa = PBXBuildFile; fileRef = BFE2527123ED63F40022A2B9 /* Assets.xcassets */; };
		BFE2527523ED63F40022A2B9 /* Preview Assets.xcassets in Resources */ = {isa = PBXBuildFile; fileRef = BFE2527423ED63F40022A2B9 /* Preview Assets.xcassets */; };
		BFE2527823ED63F40022A2B9 /* LaunchScreen.storyboard in Resources */ = {isa = PBXBuildFile; fileRef = BFE2527623ED63F40022A2B9 /* LaunchScreen.storyboard */; };
		BFE2528323ED63F40022A2B9 /* WeatherAppiTests.swift in Sources */ = {isa = PBXBuildFile; fileRef = BFE2528223ED63F40022A2B9 /* WeatherAppiTests.swift */; };
		BFE2528E23ED63F40022A2B9 /* WeatherAppiUITests.swift in Sources */ = {isa = PBXBuildFile; fileRef = BFE2528D23ED63F40022A2B9 /* WeatherAppiUITests.swift */; };
		BFE2529C23ED64DA0022A2B9 /* Weather.swift in Sources */ = {isa = PBXBuildFile; fileRef = BFE2529B23ED64DA0022A2B9 /* Weather.swift */; };
		BFE2529E23ED65180022A2B9 /* API.swift in Sources */ = {isa = PBXBuildFile; fileRef = BFE2529D23ED65180022A2B9 /* API.swift */; };
		BFE252A023ED65A60022A2B9 /* CurrentWeatherViewModel.swift in Sources */ = {isa = PBXBuildFile; fileRef = BFE2529F23ED65A60022A2B9 /* CurrentWeatherViewModel.swift */; };
		BFE252A223ED6AC50022A2B9 /* CurrentWeather.swift in Sources */ = {isa = PBXBuildFile; fileRef = BFE252A123ED6AC50022A2B9 /* CurrentWeather.swift */; };
/* End PBXBuildFile section */

/* Begin PBXContainerItemProxy section */
		BFE2527F23ED63F40022A2B9 /* PBXContainerItemProxy */ = {
			isa = PBXContainerItemProxy;
			containerPortal = BFE2526023ED63D10022A2B9 /* Project object */;
			proxyType = 1;
			remoteGlobalIDString = BFE2526723ED63D10022A2B9;
			remoteInfo = WeatherAppi;
		};
		BFE2528A23ED63F40022A2B9 /* PBXContainerItemProxy */ = {
			isa = PBXContainerItemProxy;
			containerPortal = BFE2526023ED63D10022A2B9 /* Project object */;
			proxyType = 1;
			remoteGlobalIDString = BFE2526723ED63D10022A2B9;
			remoteInfo = WeatherAppi;
		};
/* End PBXContainerItemProxy section */

/* Begin PBXFileReference section */
		BFE2526823ED63D10022A2B9 /* WeatherAppi.app */ = {isa = PBXFileReference; explicitFileType = wrapper.application; includeInIndex = 0; path = WeatherAppi.app; sourceTree = BUILT_PRODUCTS_DIR; };
		BFE2526B23ED63D10022A2B9 /* AppDelegate.swift */ = {isa = PBXFileReference; lastKnownFileType = sourcecode.swift; path = AppDelegate.swift; sourceTree = "<group>"; };
		BFE2526D23ED63D10022A2B9 /* SceneDelegate.swift */ = {isa = PBXFileReference; lastKnownFileType = sourcecode.swift; path = SceneDelegate.swift; sourceTree = "<group>"; };
		BFE2526F23ED63D10022A2B9 /* ContentView.swift */ = {isa = PBXFileReference; lastKnownFileType = sourcecode.swift; path = ContentView.swift; sourceTree = "<group>"; };
		BFE2527123ED63F40022A2B9 /* Assets.xcassets */ = {isa = PBXFileReference; lastKnownFileType = folder.assetcatalog; path = Assets.xcassets; sourceTree = "<group>"; };
		BFE2527423ED63F40022A2B9 /* Preview Assets.xcassets */ = {isa = PBXFileReference; lastKnownFileType = folder.assetcatalog; path = "Preview Assets.xcassets"; sourceTree = "<group>"; };
		BFE2527723ED63F40022A2B9 /* Base */ = {isa = PBXFileReference; lastKnownFileType = file.storyboard; name = Base; path = Base.lproj/LaunchScreen.storyboard; sourceTree = "<group>"; };
		BFE2527923ED63F40022A2B9 /* Info.plist */ = {isa = PBXFileReference; lastKnownFileType = text.plist.xml; path = Info.plist; sourceTree = "<group>"; };
		BFE2527E23ED63F40022A2B9 /* WeatherAppiTests.xctest */ = {isa = PBXFileReference; explicitFileType = wrapper.cfbundle; includeInIndex = 0; path = WeatherAppiTests.xctest; sourceTree = BUILT_PRODUCTS_DIR; };
		BFE2528223ED63F40022A2B9 /* WeatherAppiTests.swift */ = {isa = PBXFileReference; lastKnownFileType = sourcecode.swift; path = WeatherAppiTests.swift; sourceTree = "<group>"; };
		BFE2528423ED63F40022A2B9 /* Info.plist */ = {isa = PBXFileReference; lastKnownFileType = text.plist.xml; path = Info.plist; sourceTree = "<group>"; };
		BFE2528923ED63F40022A2B9 /* WeatherAppiUITests.xctest */ = {isa = PBXFileReference; explicitFileType = wrapper.cfbundle; includeInIndex = 0; path = WeatherAppiUITests.xctest; sourceTree = BUILT_PRODUCTS_DIR; };
		BFE2528D23ED63F40022A2B9 /* WeatherAppiUITests.swift */ = {isa = PBXFileReference; lastKnownFileType = sourcecode.swift; path = WeatherAppiUITests.swift; sourceTree = "<group>"; };
		BFE2528F23ED63F40022A2B9 /* Info.plist */ = {isa = PBXFileReference; lastKnownFileType = text.plist.xml; path = Info.plist; sourceTree = "<group>"; };
		BFE2529B23ED64DA0022A2B9 /* Weather.swift */ = {isa = PBXFileReference; lastKnownFileType = sourcecode.swift; path = Weather.swift; sourceTree = "<group>"; };
		BFE2529D23ED65180022A2B9 /* API.swift */ = {isa = PBXFileReference; lastKnownFileType = sourcecode.swift; path = API.swift; sourceTree = "<group>"; };
		BFE2529F23ED65A60022A2B9 /* CurrentWeatherViewModel.swift */ = {isa = PBXFileReference; lastKnownFileType = sourcecode.swift; path = CurrentWeatherViewModel.swift; sourceTree = "<group>"; };
		BFE252A123ED6AC50022A2B9 /* CurrentWeather.swift */ = {isa = PBXFileReference; lastKnownFileType = sourcecode.swift; path = CurrentWeather.swift; sourceTree = "<group>"; };
/* End PBXFileReference section */

/* Begin PBXFrameworksBuildPhase section */
		BFE2526523ED63D10022A2B9 /* Frameworks */ = {
			isa = PBXFrameworksBuildPhase;
			buildActionMask = 2147483647;
			files = (
			);
			runOnlyForDeploymentPostprocessing = 0;
		};
		BFE2527B23ED63F40022A2B9 /* Frameworks */ = {
			isa = PBXFrameworksBuildPhase;
			buildActionMask = 2147483647;
			files = (
			);
			runOnlyForDeploymentPostprocessing = 0;
		};
		BFE2528623ED63F40022A2B9 /* Frameworks */ = {
			isa = PBXFrameworksBuildPhase;
			buildActionMask = 2147483647;
			files = (
			);
			runOnlyForDeploymentPostprocessing = 0;
		};
/* End PBXFrameworksBuildPhase section */

/* Begin PBXGroup section */
		BFE2525F23ED63D10022A2B9 = {
			isa = PBXGroup;
			children = (
				BFE2526A23ED63D10022A2B9 /* WeatherAppi */,
				BFE2528123ED63F40022A2B9 /* WeatherAppiTests */,
				BFE2528C23ED63F40022A2B9 /* WeatherAppiUITests */,
				BFE2526923ED63D10022A2B9 /* Products */,
			);
			sourceTree = "<group>";
		};
		BFE2526923ED63D10022A2B9 /* Products */ = {
			isa = PBXGroup;
			children = (
				BFE2526823ED63D10022A2B9 /* WeatherAppi.app */,
				BFE2527E23ED63F40022A2B9 /* WeatherAppiTests.xctest */,
				BFE2528923ED63F40022A2B9 /* WeatherAppiUITests.xctest */,
			);
			name = Products;
			sourceTree = "<group>";
		};
		BFE2526A23ED63D10022A2B9 /* WeatherAppi */ = {
			isa = PBXGroup;
			children = (
				BFE2526B23ED63D10022A2B9 /* AppDelegate.swift */,
				BFE2526D23ED63D10022A2B9 /* SceneDelegate.swift */,
				BFE2526F23ED63D10022A2B9 /* ContentView.swift */,
				BFE2527123ED63F40022A2B9 /* Assets.xcassets */,
				BFE2527623ED63F40022A2B9 /* LaunchScreen.storyboard */,
				BFE2527923ED63F40022A2B9 /* Info.plist */,
				BFE2527323ED63F40022A2B9 /* Preview Content */,
				BFE2529B23ED64DA0022A2B9 /* Weather.swift */,
				BFE2529D23ED65180022A2B9 /* API.swift */,
				BFE2529F23ED65A60022A2B9 /* CurrentWeatherViewModel.swift */,
				BFE252A123ED6AC50022A2B9 /* CurrentWeather.swift */,
			);
			path = WeatherAppi;
			sourceTree = "<group>";
		};
		BFE2527323ED63F40022A2B9 /* Preview Content */ = {
			isa = PBXGroup;
			children = (
				BFE2527423ED63F40022A2B9 /* Preview Assets.xcassets */,
			);
			path = "Preview Content";
			sourceTree = "<group>";
		};
		BFE2528123ED63F40022A2B9 /* WeatherAppiTests */ = {
			isa = PBXGroup;
			children = (
				BFE2528223ED63F40022A2B9 /* WeatherAppiTests.swift */,
				BFE2528423ED63F40022A2B9 /* Info.plist */,
			);
			path = WeatherAppiTests;
			sourceTree = "<group>";
		};
		BFE2528C23ED63F40022A2B9 /* WeatherAppiUITests */ = {
			isa = PBXGroup;
			children = (
				BFE2528D23ED63F40022A2B9 /* WeatherAppiUITests.swift */,
				BFE2528F23ED63F40022A2B9 /* Info.plist */,
			);
			path = WeatherAppiUITests;
			sourceTree = "<group>";
		};
/* End PBXGroup section */

/* Begin PBXNativeTarget section */
		BFE2526723ED63D10022A2B9 /* WeatherAppi */ = {
			isa = PBXNativeTarget;
			buildConfigurationList = BFE2529223ED63F40022A2B9 /* Build configuration list for PBXNativeTarget "WeatherAppi" */;
			buildPhases = (
				BFE2526423ED63D10022A2B9 /* Sources */,
				BFE2526523ED63D10022A2B9 /* Frameworks */,
				BFE2526623ED63D10022A2B9 /* Resources */,
			);
			buildRules = (
			);
			dependencies = (
			);
			name = WeatherAppi;
			productName = WeatherAppi;
			productReference = BFE2526823ED63D10022A2B9 /* WeatherAppi.app */;
			productType = "com.apple.product-type.application";
		};
		BFE2527D23ED63F40022A2B9 /* WeatherAppiTests */ = {
			isa = PBXNativeTarget;
			buildConfigurationList = BFE2529523ED63F40022A2B9 /* Build configuration list for PBXNativeTarget "WeatherAppiTests" */;
			buildPhases = (
				BFE2527A23ED63F40022A2B9 /* Sources */,
				BFE2527B23ED63F40022A2B9 /* Frameworks */,
				BFE2527C23ED63F40022A2B9 /* Resources */,
			);
			buildRules = (
			);
			dependencies = (
				BFE2528023ED63F40022A2B9 /* PBXTargetDependency */,
			);
			name = WeatherAppiTests;
			productName = WeatherAppiTests;
			productReference = BFE2527E23ED63F40022A2B9 /* WeatherAppiTests.xctest */;
			productType = "com.apple.product-type.bundle.unit-test";
		};
		BFE2528823ED63F40022A2B9 /* WeatherAppiUITests */ = {
			isa = PBXNativeTarget;
			buildConfigurationList = BFE2529823ED63F40022A2B9 /* Build configuration list for PBXNativeTarget "WeatherAppiUITests" */;
			buildPhases = (
				BFE2528523ED63F40022A2B9 /* Sources */,
				BFE2528623ED63F40022A2B9 /* Frameworks */,
				BFE2528723ED63F40022A2B9 /* Resources */,
			);
			buildRules = (
			);
			dependencies = (
				BFE2528B23ED63F40022A2B9 /* PBXTargetDependency */,
			);
			name = WeatherAppiUITests;
			productName = WeatherAppiUITests;
			productReference = BFE2528923ED63F40022A2B9 /* WeatherAppiUITests.xctest */;
			productType = "com.apple.product-type.bundle.ui-testing";
		};
/* End PBXNativeTarget section */

/* Begin PBXProject section */
		BFE2526023ED63D10022A2B9 /* Project object */ = {
			isa = PBXProject;
			attributes = {
				LastSwiftUpdateCheck = 1130;
				LastUpgradeCheck = 1130;
				ORGANIZATIONNAME = Mikko;
				TargetAttributes = {
					BFE2526723ED63D10022A2B9 = {
						CreatedOnToolsVersion = 11.3.1;
					};
					BFE2527D23ED63F40022A2B9 = {
						CreatedOnToolsVersion = 11.3.1;
						TestTargetID = BFE2526723ED63D10022A2B9;
					};
					BFE2528823ED63F40022A2B9 = {
						CreatedOnToolsVersion = 11.3.1;
						TestTargetID = BFE2526723ED63D10022A2B9;
					};
				};
			};
			buildConfigurationList = BFE2526323ED63D10022A2B9 /* Build configuration list for PBXProject "WeatherAppi" */;
			compatibilityVersion = "Xcode 9.3";
			developmentRegion = en;
			hasScannedForEncodings = 0;
			knownRegions = (
				en,
				Base,
			);
			mainGroup = BFE2525F23ED63D10022A2B9;
			productRefGroup = BFE2526923ED63D10022A2B9 /* Products */;
			projectDirPath = "";
			projectRoot = "";
			targets = (
				BFE2526723ED63D10022A2B9 /* WeatherAppi */,
				BFE2527D23ED63F40022A2B9 /* WeatherAppiTests */,
				BFE2528823ED63F40022A2B9 /* WeatherAppiUITests */,
			);
		};
/* End PBXProject section */

/* Begin PBXResourcesBuildPhase section */
		BFE2526623ED63D10022A2B9 /* Resources */ = {
			isa = PBXResourcesBuildPhase;
			buildActionMask = 2147483647;
			files = (
				BFE2527823ED63F40022A2B9 /* LaunchScreen.storyboard in Resources */,
				BFE2527523ED63F40022A2B9 /* Preview Assets.xcassets in Resources */,
				BFE2527223ED63F40022A2B9 /* Assets.xcassets in Resources */,
			);
			runOnlyForDeploymentPostprocessing = 0;
		};
		BFE2527C23ED63F40022A2B9 /* Resources */ = {
			isa = PBXResourcesBuildPhase;
			buildActionMask = 2147483647;
			files = (
			);
			runOnlyForDeploymentPostprocessing = 0;
		};
		BFE2528723ED63F40022A2B9 /* Resources */ = {
			isa = PBXResourcesBuildPhase;
			buildActionMask = 2147483647;
			files = (
			);
			runOnlyForDeploymentPostprocessing = 0;
		};
/* End PBXResourcesBuildPhase section */

/* Begin PBXSourcesBuildPhase section */
		BFE2526423ED63D10022A2B9 /* Sources */ = {
			isa = PBXSourcesBuildPhase;
			buildActionMask = 2147483647;
			files = (
				BFE2529C23ED64DA0022A2B9 /* Weather.swift in Sources */,
				BFE2526C23ED63D10022A2B9 /* AppDelegate.swift in Sources */,
				BFE2526E23ED63D10022A2B9 /* SceneDelegate.swift in Sources */,
				BFE252A223ED6AC50022A2B9 /* CurrentWeather.swift in Sources */,
				BFE2527023ED63D10022A2B9 /* ContentView.swift in Sources */,
				BFE2529E23ED65180022A2B9 /* API.swift in Sources */,
				BFE252A023ED65A60022A2B9 /* CurrentWeatherViewModel.swift in Sources */,
			);
			runOnlyForDeploymentPostprocessing = 0;
		};
		BFE2527A23ED63F40022A2B9 /* Sources */ = {
			isa = PBXSourcesBuildPhase;
			buildActionMask = 2147483647;
			files = (
				BFE2528323ED63F40022A2B9 /* WeatherAppiTests.swift in Sources */,
			);
			runOnlyForDeploymentPostprocessing = 0;
		};
		BFE2528523ED63F40022A2B9 /* Sources */ = {
			isa = PBXSourcesBuildPhase;
			buildActionMask = 2147483647;
			files = (
				BFE2528E23ED63F40022A2B9 /* WeatherAppiUITests.swift in Sources */,
			);
			runOnlyForDeploymentPostprocessing = 0;
		};
/* End PBXSourcesBuildPhase section */

/* Begin PBXTargetDependency section */
		BFE2528023ED63F40022A2B9 /* PBXTargetDependency */ = {
			isa = PBXTargetDependency;
			target = BFE2526723ED63D10022A2B9 /* WeatherAppi */;
			targetProxy = BFE2527F23ED63F40022A2B9 /* PBXContainerItemProxy */;
		};
		BFE2528B23ED63F40022A2B9 /* PBXTargetDependency */ = {
			isa = PBXTargetDependency;
			target = BFE2526723ED63D10022A2B9 /* WeatherAppi */;
			targetProxy = BFE2528A23ED63F40022A2B9 /* PBXContainerItemProxy */;
		};
/* End PBXTargetDependency section */

/* Begin PBXVariantGroup section */
		BFE2527623ED63F40022A2B9 /* LaunchScreen.storyboard */ = {
			isa = PBXVariantGroup;
			children = (
				BFE2527723ED63F40022A2B9 /* Base */,
			);
			name = LaunchScreen.storyboard;
			sourceTree = "<group>";
		};
/* End PBXVariantGroup section */

/* Begin XCBuildConfiguration section */
		BFE2529023ED63F40022A2B9 /* Debug */ = {
			isa = XCBuildConfiguration;
			buildSettings = {
				ALWAYS_SEARCH_USER_PATHS = NO;
				CLANG_ANALYZER_NONNULL = YES;
				CLANG_ANALYZER_NUMBER_OBJECT_CONVERSION = YES_AGGRESSIVE;
				CLANG_CXX_LANGUAGE_STANDARD = "gnu++14";
				CLANG_CXX_LIBRARY = "libc++";
				CLANG_ENABLE_MODULES = YES;
				CLANG_ENABLE_OBJC_ARC = YES;
				CLANG_ENABLE_OBJC_WEAK = YES;
				CLANG_WARN_BLOCK_CAPTURE_AUTORELEASING = YES;
				CLANG_WARN_BOOL_CONVERSION = YES;
				CLANG_WARN_COMMA = YES;
				CLANG_WARN_CONSTANT_CONVERSION = YES;
				CLANG_WARN_DEPRECATED_OBJC_IMPLEMENTATIONS = YES;
				CLANG_WARN_DIRECT_OBJC_ISA_USAGE = YES_ERROR;
				CLANG_WARN_DOCUMENTATION_COMMENTS = YES;
				CLANG_WARN_EMPTY_BODY = YES;
				CLANG_WARN_ENUM_CONVERSION = YES;
				CLANG_WARN_INFINITE_RECURSION = YES;
				CLANG_WARN_INT_CONVERSION = YES;
				CLANG_WARN_NON_LITERAL_NULL_CONVERSION = YES;
				CLANG_WARN_OBJC_IMPLICIT_RETAIN_SELF = YES;
				CLANG_WARN_OBJC_LITERAL_CONVERSION = YES;
				CLANG_WARN_OBJC_ROOT_CLASS = YES_ERROR;
				CLANG_WARN_RANGE_LOOP_ANALYSIS = YES;
				CLANG_WARN_STRICT_PROTOTYPES = YES;
				CLANG_WARN_SUSPICIOUS_MOVE = YES;
				CLANG_WARN_UNGUARDED_AVAILABILITY = YES_AGGRESSIVE;
				CLANG_WARN_UNREACHABLE_CODE = YES;
				CLANG_WARN__DUPLICATE_METHOD_MATCH = YES;
				COPY_PHASE_STRIP = NO;
				DEBUG_INFORMATION_FORMAT = dwarf;
				ENABLE_STRICT_OBJC_MSGSEND = YES;
				ENABLE_TESTABILITY = YES;
				GCC_C_LANGUAGE_STANDARD = gnu11;
				GCC_DYNAMIC_NO_PIC = NO;
				GCC_NO_COMMON_BLOCKS = YES;
				GCC_OPTIMIZATION_LEVEL = 0;
				GCC_PREPROCESSOR_DEFINITIONS = (
					"DEBUG=1",
					"$(inherited)",
				);
				GCC_WARN_64_TO_32_BIT_CONVERSION = YES;
				GCC_WARN_ABOUT_RETURN_TYPE = YES_ERROR;
				GCC_WARN_UNDECLARED_SELECTOR = YES;
				GCC_WARN_UNINITIALIZED_AUTOS = YES_AGGRESSIVE;
				GCC_WARN_UNUSED_FUNCTION = YES;
				GCC_WARN_UNUSED_VARIABLE = YES;
				IPHONEOS_DEPLOYMENT_TARGET = 13.2;
				MTL_ENABLE_DEBUG_INFO = INCLUDE_SOURCE;
				MTL_FAST_MATH = YES;
				ONLY_ACTIVE_ARCH = YES;
				SDKROOT = iphoneos;
				SWIFT_ACTIVE_COMPILATION_CONDITIONS = DEBUG;
				SWIFT_OPTIMIZATION_LEVEL = "-Onone";
			};
			name = Debug;
		};
		BFE2529123ED63F40022A2B9 /* Release */ = {
			isa = XCBuildConfiguration;
			buildSettings = {
				ALWAYS_SEARCH_USER_PATHS = NO;
				CLANG_ANALYZER_NONNULL = YES;
				CLANG_ANALYZER_NUMBER_OBJECT_CONVERSION = YES_AGGRESSIVE;
				CLANG_CXX_LANGUAGE_STANDARD = "gnu++14";
				CLANG_CXX_LIBRARY = "libc++";
				CLANG_ENABLE_MODULES = YES;
				CLANG_ENABLE_OBJC_ARC = YES;
				CLANG_ENABLE_OBJC_WEAK = YES;
				CLANG_WARN_BLOCK_CAPTURE_AUTORELEASING = YES;
				CLANG_WARN_BOOL_CONVERSION = YES;
				CLANG_WARN_COMMA = YES;
				CLANG_WARN_CONSTANT_CONVERSION = YES;
				CLANG_WARN_DEPRECATED_OBJC_IMPLEMENTATIONS = YES;
				CLANG_WARN_DIRECT_OBJC_ISA_USAGE = YES_ERROR;
				CLANG_WARN_DOCUMENTATION_COMMENTS = YES;
				CLANG_WARN_EMPTY_BODY = YES;
				CLANG_WARN_ENUM_CONVERSION = YES;
				CLANG_WARN_INFINITE_RECURSION = YES;
				CLANG_WARN_INT_CONVERSION = YES;
				CLANG_WARN_NON_LITERAL_NULL_CONVERSION = YES;
				CLANG_WARN_OBJC_IMPLICIT_RETAIN_SELF = YES;
				CLANG_WARN_OBJC_LITERAL_CONVERSION = YES;
				CLANG_WARN_OBJC_ROOT_CLASS = YES_ERROR;
				CLANG_WARN_RANGE_LOOP_ANALYSIS = YES;
				CLANG_WARN_STRICT_PROTOTYPES = YES;
				CLANG_WARN_SUSPICIOUS_MOVE = YES;
				CLANG_WARN_UNGUARDED_AVAILABILITY = YES_AGGRESSIVE;
				CLANG_WARN_UNREACHABLE_CODE = YES;
				CLANG_WARN__DUPLICATE_METHOD_MATCH = YES;
				COPY_PHASE_STRIP = NO;
				DEBUG_INFORMATION_FORMAT = "dwarf-with-dsym";
				ENABLE_NS_ASSERTIONS = NO;
				ENABLE_STRICT_OBJC_MSGSEND = YES;
				GCC_C_LANGUAGE_STANDARD = gnu11;
				GCC_NO_COMMON_BLOCKS = YES;
				GCC_WARN_64_TO_32_BIT_CONVERSION = YES;
				GCC_WARN_ABOUT_RETURN_TYPE = YES_ERROR;
				GCC_WARN_UNDECLARED_SELECTOR = YES;
				GCC_WARN_UNINITIALIZED_AUTOS = YES_AGGRESSIVE;
				GCC_WARN_UNUSED_FUNCTION = YES;
				GCC_WARN_UNUSED_VARIABLE = YES;
				IPHONEOS_DEPLOYMENT_TARGET = 13.2;
				MTL_ENABLE_DEBUG_INFO = NO;
				MTL_FAST_MATH = YES;
				SDKROOT = iphoneos;
				SWIFT_COMPILATION_MODE = wholemodule;
				SWIFT_OPTIMIZATION_LEVEL = "-O";
				VALIDATE_PRODUCT = YES;
			};
			name = Release;
		};
		BFE2529323ED63F40022A2B9 /* Debug */ = {
			isa = XCBuildConfiguration;
			buildSettings = {
				ASSETCATALOG_COMPILER_APPICON_NAME = AppIcon;
				CODE_SIGN_STYLE = Automatic;
				DEVELOPMENT_ASSET_PATHS = "\"WeatherAppi/Preview Content\"";
				ENABLE_PREVIEWS = YES;
				INFOPLIST_FILE = WeatherAppi/Info.plist;
				LD_RUNPATH_SEARCH_PATHS = (
					"$(inherited)",
					"@executable_path/Frameworks",
				);
				PRODUCT_BUNDLE_IDENTIFIER = Mikko.WeatherAppi;
				PRODUCT_NAME = "$(TARGET_NAME)";
				SWIFT_VERSION = 5.0;
				TARGETED_DEVICE_FAMILY = "1,2";
			};
			name = Debug;
		};
		BFE2529423ED63F40022A2B9 /* Release */ = {
			isa = XCBuildConfiguration;
			buildSettings = {
				ASSETCATALOG_COMPILER_APPICON_NAME = AppIcon;
				CODE_SIGN_STYLE = Automatic;
				DEVELOPMENT_ASSET_PATHS = "\"WeatherAppi/Preview Content\"";
				ENABLE_PREVIEWS = YES;
				INFOPLIST_FILE = WeatherAppi/Info.plist;
				LD_RUNPATH_SEARCH_PATHS = (
					"$(inherited)",
					"@executable_path/Frameworks",
				);
				PRODUCT_BUNDLE_IDENTIFIER = Mikko.WeatherAppi;
				PRODUCT_NAME = "$(TARGET_NAME)";
				SWIFT_VERSION = 5.0;
				TARGETED_DEVICE_FAMILY = "1,2";
			};
			name = Release;
		};
		BFE2529623ED63F40022A2B9 /* Debug */ = {
			isa = XCBuildConfiguration;
			buildSettings = {
				ALWAYS_EMBED_SWIFT_STANDARD_LIBRARIES = YES;
				BUNDLE_LOADER = "$(TEST_HOST)";
				CODE_SIGN_STYLE = Automatic;
				INFOPLIST_FILE = WeatherAppiTests/Info.plist;
				IPHONEOS_DEPLOYMENT_TARGET = 13.2;
				LD_RUNPATH_SEARCH_PATHS = (
					"$(inherited)",
					"@executable_path/Frameworks",
					"@loader_path/Frameworks",
				);
				PRODUCT_BUNDLE_IDENTIFIER = Mikko.WeatherAppiTests;
				PRODUCT_NAME = "$(TARGET_NAME)";
				SWIFT_VERSION = 5.0;
				TARGETED_DEVICE_FAMILY = "1,2";
				TEST_HOST = "$(BUILT_PRODUCTS_DIR)/WeatherAppi.app/WeatherAppi";
			};
			name = Debug;
		};
		BFE2529723ED63F40022A2B9 /* Release */ = {
			isa = XCBuildConfiguration;
			buildSettings = {
				ALWAYS_EMBED_SWIFT_STANDARD_LIBRARIES = YES;
				BUNDLE_LOADER = "$(TEST_HOST)";
				CODE_SIGN_STYLE = Automatic;
				INFOPLIST_FILE = WeatherAppiTests/Info.plist;
				IPHONEOS_DEPLOYMENT_TARGET = 13.2;
				LD_RUNPATH_SEARCH_PATHS = (
					"$(inherited)",
					"@executable_path/Frameworks",
					"@loader_path/Frameworks",
				);
				PRODUCT_BUNDLE_IDENTIFIER = Mikko.WeatherAppiTests;
				PRODUCT_NAME = "$(TARGET_NAME)";
				SWIFT_VERSION = 5.0;
				TARGETED_DEVICE_FAMILY = "1,2";
				TEST_HOST = "$(BUILT_PRODUCTS_DIR)/WeatherAppi.app/WeatherAppi";
			};
			name = Release;
		};
		BFE2529923ED63F40022A2B9 /* Debug */ = {
			isa = XCBuildConfiguration;
			buildSettings = {
				ALWAYS_EMBED_SWIFT_STANDARD_LIBRARIES = YES;
				CODE_SIGN_STYLE = Automatic;
				INFOPLIST_FILE = WeatherAppiUITests/Info.plist;
				LD_RUNPATH_SEARCH_PATHS = (
					"$(inherited)",
					"@executable_path/Frameworks",
					"@loader_path/Frameworks",
				);
				PRODUCT_BUNDLE_IDENTIFIER = Mikko.WeatherAppiUITests;
				PRODUCT_NAME = "$(TARGET_NAME)";
				SWIFT_VERSION = 5.0;
				TARGETED_DEVICE_FAMILY = "1,2";
				TEST_TARGET_NAME = WeatherAppi;
			};
			name = Debug;
		};
		BFE2529A23ED63F40022A2B9 /* Release */ = {
			isa = XCBuildConfiguration;
			buildSettings = {
				ALWAYS_EMBED_SWIFT_STANDARD_LIBRARIES = YES;
				CODE_SIGN_STYLE = Automatic;
				INFOPLIST_FILE = WeatherAppiUITests/Info.plist;
				LD_RUNPATH_SEARCH_PATHS = (
					"$(inherited)",
					"@executable_path/Frameworks",
					"@loader_path/Frameworks",
				);
				PRODUCT_BUNDLE_IDENTIFIER = Mikko.WeatherAppiUITests;
				PRODUCT_NAME = "$(TARGET_NAME)";
				SWIFT_VERSION = 5.0;
				TARGETED_DEVICE_FAMILY = "1,2";
				TEST_TARGET_NAME = WeatherAppi;
			};
			name = Release;
		};
/* End XCBuildConfiguration section */

/* Begin XCConfigurationList section */
		BFE2526323ED63D10022A2B9 /* Build configuration list for PBXProject "WeatherAppi" */ = {
			isa = XCConfigurationList;
			buildConfigurations = (
				BFE2529023ED63F40022A2B9 /* Debug */,
				BFE2529123ED63F40022A2B9 /* Release */,
			);
			defaultConfigurationIsVisible = 0;
			defaultConfigurationName = Release;
		};
		BFE2529223ED63F40022A2B9 /* Build configuration list for PBXNativeTarget "WeatherAppi" */ = {
			isa = XCConfigurationList;
			buildConfigurations = (
				BFE2529323ED63F40022A2B9 /* Debug */,
				BFE2529423ED63F40022A2B9 /* Release */,
			);
			defaultConfigurationIsVisible = 0;
			defaultConfigurationName = Release;
		};
		BFE2529523ED63F40022A2B9 /* Build configuration list for PBXNativeTarget "WeatherAppiTests" */ = {
			isa = XCConfigurationList;
			buildConfigurations = (
				BFE2529623ED63F40022A2B9 /* Debug */,
				BFE2529723ED63F40022A2B9 /* Release */,
			);
			defaultConfigurationIsVisible = 0;
			defaultConfigurationName = Release;
		};
		BFE2529823ED63F40022A2B9 /* Build configuration list for PBXNativeTarget "WeatherAppiUITests" */ = {
			isa = XCConfigurationList;
			buildConfigurations = (
				BFE2529923ED63F40022A2B9 /* Debug */,
				BFE2529A23ED63F40022A2B9 /* Release */,
			);
			defaultConfigurationIsVisible = 0;
			defaultConfigurationName = Release;
		};
/* End XCConfigurationList section */
	};
	rootObject = BFE2526023ED63D10022A2B9 /* Project object */;
}
